{
  "name": "@johnhenry/aimatey-middleware-andbox",
  "version": "0.0.3",
  "lockfileVersion": 3,
  "requires": true,
  "packages": {
    "": {
      "name": "@johnhenry/aimatey-middleware-andbox",
      "version": "0.0.3",
      "license": "MIT",
      "engines": {
        "node": ">=26.0.0"
      },
      "peerDependencies": {
        "@johnhenry/andbox": ">=0.0.1"
      }
    },
    "node_modules/@johnhenry/andbox": {
      "version": "0.0.3",
      "resolved": "https://registry.npmjs.org/@johnhenry/andbox/-/andbox-0.0.3.tgz",
      "integrity": "sha512-6bdiGA06tICFzpc3PvdpZ9iGEtuLXaYRnQCoVDjfT9fqVoDZXZFhiX+NLrfzJFmdg/NPPqE1WvjKfB1S7r3D3g==",
      "license": "MIT",
      "peer": true,
      "engines": {
        "node": ">=26.0.0"
      }
    }
  }
}
