{
  "name": "@johnhenry/aimatey-middleware-andbox",
  "version": "0.0.4",
  "lockfileVersion": 3,
  "requires": true,
  "packages": {
    "": {
      "name": "@johnhenry/aimatey-middleware-andbox",
      "version": "0.0.4",
      "license": "MIT",
      "devDependencies": {
        "@johnhenry/andbox": "^0.1.0"
      },
      "engines": {
        "node": ">=26.0.0"
      },
      "peerDependencies": {
        "@johnhenry/andbox": ">=0.0.1"
      }
    },
    "node_modules/@johnhenry/andbox": {
      "version": "0.1.0",
      "resolved": "https://registry.npmjs.org/@johnhenry/andbox/-/andbox-0.1.0.tgz",
      "integrity": "sha512-dHG3W5HYnUoOofIU/Rg0q9BBdO2Ke2VlHZEVxXO0uf8tTnzWTtkLPJ4TMHWfpt1mdMuSEQYwoG+arGZHxE3ngg==",
      "dev": true,
      "license": "MIT",
      "engines": {
        "node": ">=26.0.0"
      },
      "peerDependencies": {
        "@jitl/quickjs-ng-wasmfile-release-sync": "0.32.0",
        "quickjs-emscripten-core": "0.32.0"
      },
      "peerDependenciesMeta": {
        "@jitl/quickjs-ng-wasmfile-release-sync": {
          "optional": true
        },
        "quickjs-emscripten-core": {
          "optional": true
        }
      }
    }
  }
}
